
Microsoft Visual Studio Solution File, Format Version 11.00
# Visual Studio 2010
Project("{FAE04EC0-301F-11D3-BF4B-00C04F79EFBC}") = "Assembly-CSharp", "Assembly-CSharp.csproj", "{53b59da7-5ae8-6e4b-1627-3c308835d588}"
EndProject
Project("{FAE04EC0-301F-11D3-BF4B-00C04F79EFBC}") = "Assembly-CSharp-Editor", "Assembly-CSharp-Editor.csproj", "{a840c0b6-98b5-03b5-8c54-5c650941c412}"
EndProject
Global
	GlobalSection(SolutionConfigurationPlatforms) = preSolution
		Debug|Any CPU = Debug|Any CPU
	EndGlobalSection
	GlobalSection(ProjectConfigurationPlatforms) = postSolution
		{53b59da7-5ae8-6e4b-1627-3c308835d588}.Debug|Any CPU.ActiveCfg = Debug|Any CPU
		{53b59da7-5ae8-6e4b-1627-3c308835d588}.Debug|Any CPU.Build.0 = Debug|Any CPU
		{a840c0b6-98b5-03b5-8c54-5c650941c412}.Debug|Any CPU.ActiveCfg = Debug|Any CPU
		{a840c0b6-98b5-03b5-8c54-5c650941c412}.Debug|Any CPU.Build.0 = Debug|Any CPU
	EndGlobalSection
	GlobalSection(SolutionProperties) = preSolution
		HideSolutionNode = FALSE
	EndGlobalSection
EndGlobal
